# This file was autogenerated by Stack.
# You should not edit this file by hand.
# For more information, please see the documentation at:
#   https://docs.haskellstack.org/en/stable/lock_files

packages:
- completed:
    hackage: wai-util-0.8@sha256:7181e748ccd405ecef5a586c954acb3d62b55b8eb7368efb5d80d6bf38e8211b,1260
    pantry-tree:
      sha256: b80c70adc40b866a4bf6ba0716806efdcce14235e1e6ae69a25cfde679d771e7
      size: 255
  original:
    hackage: wai-util-0.8
- completed:
    hackage: http-accept-0.2@sha256:c55935f6ff4984aee96ebc130cc9aa6919d322becb613c049a81203cec9fe65e,1154
    pantry-tree:
      sha256: faed5502bca51dd31fdff8277c344278bad508f3e695b6b767530e648a7e00a7
      size: 262
  original:
    hackage: http-accept-0.2
snapshots:
- completed:
    sha256: b146f371d1a90abbd2aeae1da10f776951046be50eae55a6fe93548a74fcc0dd
    size: 713338
    url: https://raw.githubusercontent.com/commercialhaskell/stackage-snapshots/master/lts/22/21.yaml
  original: lts-22.21
